
Microsoft Visual Studio Solution File, Format Version 12.00
# Visual Studio Version 17
VisualStudioVersion = 17.5.33530.505
MinimumVisualStudioVersion = 10.0.40219.1
Project("{FAE04EC0-301F-11D3-BF4B-00C04F79EFBC}") = "SYSTEM-KusinerosBristo", "SYSTEM-KusinerosBristo.csproj", "{5A3D5B77-BE9B-4D9F-93B2-3D4711E5D9B0}"
EndProject
Global
	GlobalSection(SolutionConfigurationPlatforms) = preSolution
		Debug|Any CPU = Debug|Any CPU
		Release|Any CPU = Release|Any CPU
	EndGlobalSection
	GlobalSection(ProjectConfigurationPlatforms) = postSolution
		{5A3D5B77-BE9B-4D9F-93B2-3D4711E5D9B0}.Debug|Any CPU.ActiveCfg = Debug|Any CPU
		{5A3D5B77-BE9B-4D9F-93B2-3D4711E5D9B0}.Debug|Any CPU.Build.0 = Debug|Any CPU
		{5A3D5B77-BE9B-4D9F-93B2-3D4711E5D9B0}.Release|Any CPU.ActiveCfg = Release|Any CPU
		{5A3D5B77-BE9B-4D9F-93B2-3D4711E5D9B0}.Release|Any CPU.Build.0 = Release|Any CPU
	EndGlobalSection
	GlobalSection(SolutionProperties) = preSolution
		HideSolutionNode = FALSE
	EndGlobalSection
	GlobalSection(ExtensibilityGlobals) = postSolution
		SolutionGuid = {6FA3706F-2DF1-4F5A-802A-2D433E9CBAFA}
	EndGlobalSection
EndGlobal
